
Microsoft Visual Studio Solution File, Format Version 12.00
# Visual Studio Version 16
VisualStudioVersion = 16.0.29424.173
MinimumVisualStudioVersion = 10.0.40219.1
Project("{FAE04EC0-301F-11D3-BF4B-00C04F79EFBC}") = "BulletTests", "BulletTests\BulletTests.csproj", "{28F94F22-183A-45F3-9B8A-D7236744931A}"
EndProject
Project("{FAE04EC0-301F-11D3-BF4B-00C04F79EFBC}") = "Physics", "Physics\Physics.csproj", "{1F6E5D44-C997-486A-A1BE-2B64D0F4AF32}"
EndProject
Project("{9A19103F-16F7-4668-BE54-9A1E7A4F7556}") = "Geometry", "Geometry\Geometry.csproj", "{74A49385-D4B1-442C-8646-53F012A9D4D6}"
EndProject
Project("{9A19103F-16F7-4668-BE54-9A1E7A4F7556}") = "Rendering", "Rendering\Rendering.csproj", "{D6C64DE0-C698-4DFD-A16D-9A22DE01AEF4}"
EndProject
Project("{9A19103F-16F7-4668-BE54-9A1E7A4F7556}") = "TestApp", "TestApp\TestApp.csproj", "{CAC6082E-20F3-4DCB-B289-C9F0F03A3C89}"
EndProject
Project("{9A19103F-16F7-4668-BE54-9A1E7A4F7556}") = "EngineCore", "EngineCore\EngineCore.csproj", "{543BEA82-6184-4FB2-A241-B483B0AD30F0}"
EndProject
Project("{9A19103F-16F7-4668-BE54-9A1E7A4F7556}") = "GameObjects", "GameObjects\GameObjects.csproj", "{AAADE9D6-F7EE-4955-B019-EB92E49BC1E9}"
EndProject
Project("{9A19103F-16F7-4668-BE54-9A1E7A4F7556}") = "Input", "Input\Input.csproj", "{78E9B1AC-3D7B-49B3-8DC3-57AD9A9E27BD}"
EndProject
Project("{2150E333-8FDC-42A3-9474-1A3956D46DE8}") = "Solution Items", "Solution Items", "{77DD1924-7A27-4AE4-B1AD-B9BFB20562EC}"
	ProjectSection(SolutionItems) = preProject
		TestApp\bin\Debug\netcoreapp3.0\background.png = TestApp\bin\Debug\netcoreapp3.0\background.png
		TestApp\bin\Debug\netcoreapp3.0\Player.png = TestApp\bin\Debug\netcoreapp3.0\Player.png
		TestApp\bin\Debug\netcoreapp3.0\Untitled.png = TestApp\bin\Debug\netcoreapp3.0\Untitled.png
	EndProjectSection
EndProject
Global
	GlobalSection(SolutionConfigurationPlatforms) = preSolution
		Debug|Any CPU = Debug|Any CPU
		Release|Any CPU = Release|Any CPU
	EndGlobalSection
	GlobalSection(ProjectConfigurationPlatforms) = postSolution
		{28F94F22-183A-45F3-9B8A-D7236744931A}.Debug|Any CPU.ActiveCfg = Debug|Any CPU
		{28F94F22-183A-45F3-9B8A-D7236744931A}.Debug|Any CPU.Build.0 = Debug|Any CPU
		{28F94F22-183A-45F3-9B8A-D7236744931A}.Release|Any CPU.ActiveCfg = Release|Any CPU
		{28F94F22-183A-45F3-9B8A-D7236744931A}.Release|Any CPU.Build.0 = Release|Any CPU
		{1F6E5D44-C997-486A-A1BE-2B64D0F4AF32}.Debug|Any CPU.ActiveCfg = Debug|Any CPU
		{1F6E5D44-C997-486A-A1BE-2B64D0F4AF32}.Debug|Any CPU.Build.0 = Debug|Any CPU
		{1F6E5D44-C997-486A-A1BE-2B64D0F4AF32}.Release|Any CPU.ActiveCfg = Release|Any CPU
		{1F6E5D44-C997-486A-A1BE-2B64D0F4AF32}.Release|Any CPU.Build.0 = Release|Any CPU
		{74A49385-D4B1-442C-8646-53F012A9D4D6}.Debug|Any CPU.ActiveCfg = Debug|Any CPU
		{74A49385-D4B1-442C-8646-53F012A9D4D6}.Debug|Any CPU.Build.0 = Debug|Any CPU
		{74A49385-D4B1-442C-8646-53F012A9D4D6}.Release|Any CPU.ActiveCfg = Release|Any CPU
		{74A49385-D4B1-442C-8646-53F012A9D4D6}.Release|Any CPU.Build.0 = Release|Any CPU
		{D6C64DE0-C698-4DFD-A16D-9A22DE01AEF4}.Debug|Any CPU.ActiveCfg = Debug|Any CPU
		{D6C64DE0-C698-4DFD-A16D-9A22DE01AEF4}.Debug|Any CPU.Build.0 = Debug|Any CPU
		{D6C64DE0-C698-4DFD-A16D-9A22DE01AEF4}.Release|Any CPU.ActiveCfg = Release|Any CPU
		{D6C64DE0-C698-4DFD-A16D-9A22DE01AEF4}.Release|Any CPU.Build.0 = Release|Any CPU
		{CAC6082E-20F3-4DCB-B289-C9F0F03A3C89}.Debug|Any CPU.ActiveCfg = Debug|Any CPU
		{CAC6082E-20F3-4DCB-B289-C9F0F03A3C89}.Debug|Any CPU.Build.0 = Debug|Any CPU
		{CAC6082E-20F3-4DCB-B289-C9F0F03A3C89}.Release|Any CPU.ActiveCfg = Release|Any CPU
		{CAC6082E-20F3-4DCB-B289-C9F0F03A3C89}.Release|Any CPU.Build.0 = Release|Any CPU
		{543BEA82-6184-4FB2-A241-B483B0AD30F0}.Debug|Any CPU.ActiveCfg = Debug|Any CPU
		{543BEA82-6184-4FB2-A241-B483B0AD30F0}.Debug|Any CPU.Build.0 = Debug|Any CPU
		{543BEA82-6184-4FB2-A241-B483B0AD30F0}.Release|Any CPU.ActiveCfg = Release|Any CPU
		{543BEA82-6184-4FB2-A241-B483B0AD30F0}.Release|Any CPU.Build.0 = Release|Any CPU
		{AAADE9D6-F7EE-4955-B019-EB92E49BC1E9}.Debug|Any CPU.ActiveCfg = Debug|Any CPU
		{AAADE9D6-F7EE-4955-B019-EB92E49BC1E9}.Debug|Any CPU.Build.0 = Debug|Any CPU
		{AAADE9D6-F7EE-4955-B019-EB92E49BC1E9}.Release|Any CPU.ActiveCfg = Release|Any CPU
		{AAADE9D6-F7EE-4955-B019-EB92E49BC1E9}.Release|Any CPU.Build.0 = Release|Any CPU
		{78E9B1AC-3D7B-49B3-8DC3-57AD9A9E27BD}.Debug|Any CPU.ActiveCfg = Debug|Any CPU
		{78E9B1AC-3D7B-49B3-8DC3-57AD9A9E27BD}.Debug|Any CPU.Build.0 = Debug|Any CPU
		{78E9B1AC-3D7B-49B3-8DC3-57AD9A9E27BD}.Release|Any CPU.ActiveCfg = Release|Any CPU
		{78E9B1AC-3D7B-49B3-8DC3-57AD9A9E27BD}.Release|Any CPU.Build.0 = Release|Any CPU
	EndGlobalSection
	GlobalSection(SolutionProperties) = preSolution
		HideSolutionNode = FALSE
	EndGlobalSection
	GlobalSection(ExtensibilityGlobals) = postSolution
		SolutionGuid = {7F8098F6-EF27-4E35-B60F-1D61468BAD5F}
	EndGlobalSection
EndGlobal
